
Microsoft Visual Studio Solution File, Format Version 12.00
# Visual Studio Version 16
VisualStudioVersion = 16.0.31702.278
MinimumVisualStudioVersion = 10.0.40219.1
Project("{9A19103F-16F7-4668-BE54-9A1E7A4F7556}") = "Maze", "Maze\Maze.csproj", "{106B31ED-9077-42DF-BB19-3DCAA6D63413}"
EndProject
Project("{2150E333-8FDC-42A3-9474-1A3956D46DE8}") = "Solution Items", "Solution Items", "{94A67290-DF90-46B1-AEAA-66D3620C9971}"
	ProjectSection(SolutionItems) = preProject
		.editorconfig = .editorconfig
	EndProjectSection
EndProject
Global
	GlobalSection(SolutionConfigurationPlatforms) = preSolution
		Debug|Any CPU = Debug|Any CPU
		Release|Any CPU = Release|Any CPU
	EndGlobalSection
	GlobalSection(ProjectConfigurationPlatforms) = postSolution
		{106B31ED-9077-42DF-BB19-3DCAA6D63413}.Debug|Any CPU.ActiveCfg = Debug|Any CPU
		{106B31ED-9077-42DF-BB19-3DCAA6D63413}.Debug|Any CPU.Build.0 = Debug|Any CPU
		{106B31ED-9077-42DF-BB19-3DCAA6D63413}.Release|Any CPU.ActiveCfg = Release|Any CPU
		{106B31ED-9077-42DF-BB19-3DCAA6D63413}.Release|Any CPU.Build.0 = Release|Any CPU
	EndGlobalSection
	GlobalSection(SolutionProperties) = preSolution
		HideSolutionNode = FALSE
	EndGlobalSection
	GlobalSection(ExtensibilityGlobals) = postSolution
		SolutionGuid = {2098A60E-4768-46A9-A342-59B5C0D0DDC8}
	EndGlobalSection
EndGlobal
